
Microsoft Visual Studio Solution File, Format Version 12.00
# Visual Studio Version 17
VisualStudioVersion = 17.1.32328.378
MinimumVisualStudioVersion = 10.0.40219.1
Project("{FAE04EC0-301F-11D3-BF4B-00C04F79EFBC}") = "SearchAlgorithm", "SearchAlgorithm.csproj", "{8C6DECA9-F9F4-48FF-83FA-03EC2B7FA405}"
EndProject
Global
	GlobalSection(SolutionConfigurationPlatforms) = preSolution
		Debug|Any CPU = Debug|Any CPU
		Release|Any CPU = Release|Any CPU
	EndGlobalSection
	GlobalSection(ProjectConfigurationPlatforms) = postSolution
		{8C6DECA9-F9F4-48FF-83FA-03EC2B7FA405}.Debug|Any CPU.ActiveCfg = Debug|Any CPU
		{8C6DECA9-F9F4-48FF-83FA-03EC2B7FA405}.Debug|Any CPU.Build.0 = Debug|Any CPU
		{8C6DECA9-F9F4-48FF-83FA-03EC2B7FA405}.Release|Any CPU.ActiveCfg = Release|Any CPU
		{8C6DECA9-F9F4-48FF-83FA-03EC2B7FA405}.Release|Any CPU.Build.0 = Release|Any CPU
	EndGlobalSection
	GlobalSection(SolutionProperties) = preSolution
		HideSolutionNode = FALSE
	EndGlobalSection
	GlobalSection(ExtensibilityGlobals) = postSolution
		SolutionGuid = {15091000-7764-4A16-9915-26C6E361DEEB}
	EndGlobalSection
EndGlobal
